// !$*UTF8*$!
{
	archiveVersion = 1;
	classes = {
	};
	objectVersion = 50;
	objects = {

/* Begin PBXBuildFile section */
		2F4AA4F525181C38005A7740 /* NFCViewController.swift in Sources */ = {isa = PBXBuildFile; fileRef = 2F4AA4F425181C38005A7740 /* NFCViewController.swift */; };
		2F4AA599251E7430005A7740 /* NFCView.swift in Sources */ = {isa = PBXBuildFile; fileRef = 2F4AA598251E7430005A7740 /* NFCView.swift */; };
		2F4AA5BE251FB5F4005A7740 /* PeripheralViewController.swift in Sources */ = {isa = PBXBuildFile; fileRef = 2F4AA5BD251FB5F3005A7740 /* PeripheralViewController.swift */; };
		2F4AA5C3251FB791005A7740 /* PeripheralView.swift in Sources */ = {isa = PBXBuildFile; fileRef = 2F4AA5C2251FB791005A7740 /* PeripheralView.swift */; };
		2F4CCE23250D0E310030AF10 /* laptophumlong.mp3 in Resources */ = {isa = PBXBuildFile; fileRef = 2F4CCE20250D0E300030AF10 /* laptophumlong.mp3 */; };
		2F4CCE24250D0E310030AF10 /* laptophumshort.mp3 in Resources */ = {isa = PBXBuildFile; fileRef = 2F4CCE21250D0E300030AF10 /* laptophumshort.mp3 */; };
		2F4D8DE22511A82E00FA814E /* phonetree.csv in Resources */ = {isa = PBXBuildFile; fileRef = 2F4D8DE12511A82E00FA814E /* phonetree.csv */; };
		2F5C4F832512797600E81B39 /* sleepsound.mp3 in Resources */ = {isa = PBXBuildFile; fileRef = 2F5C4F822512797600E81B39 /* sleepsound.mp3 */; };
		2F7298F1250423C100FC45FD /* MoeGraham.swift in Sources */ = {isa = PBXBuildFile; fileRef = 2F7298F0250423C100FC45FD /* MoeGraham.swift */; };
		2F7298F3250423D800FC45FD /* ChrissyGrace.swift in Sources */ = {isa = PBXBuildFile; fileRef = 2F7298F2250423D800FC45FD /* ChrissyGrace.swift */; };
		2F7298F5250423F200FC45FD /* StevenFrost.swift in Sources */ = {isa = PBXBuildFile; fileRef = 2F7298F4250423F200FC45FD /* StevenFrost.swift */; };
		2F7298F72504242300FC45FD /* BAGBAYSHA.swift in Sources */ = {isa = PBXBuildFile; fileRef = 2F7298F62504242300FC45FD /* BAGBAYSHA.swift */; };
		2F7298F92504243A00FC45FD /* ReneeHayleyD.swift in Sources */ = {isa = PBXBuildFile; fileRef = 2F7298F82504243A00FC45FD /* ReneeHayleyD.swift */; };
		2F7298FB2504245100FC45FD /* EmilyMichaela.swift in Sources */ = {isa = PBXBuildFile; fileRef = 2F7298FA2504245100FC45FD /* EmilyMichaela.swift */; };
		2F7298FD2504246300FC45FD /* NolanTredway.swift in Sources */ = {isa = PBXBuildFile; fileRef = 2F7298FC2504246300FC45FD /* NolanTredway.swift */; };
		2F7298FF2504247800FC45FD /* HayleyKrichels.swift in Sources */ = {isa = PBXBuildFile; fileRef = 2F7298FE2504247800FC45FD /* HayleyKrichels.swift */; };
		2F7299012504248800FC45FD /* NicoleBanowetz.swift in Sources */ = {isa = PBXBuildFile; fileRef = 2F7299002504248800FC45FD /* NicoleBanowetz.swift */; };
		2F769FB824FADF6C00736326 /* AppDelegate.swift in Sources */ = {isa = PBXBuildFile; fileRef = 2F769FB724FADF6C00736326 /* AppDelegate.swift */; };
		2F769FBA24FADF6C00736326 /* SceneDelegate.swift in Sources */ = {isa = PBXBuildFile; fileRef = 2F769FB924FADF6C00736326 /* SceneDelegate.swift */; };
		2F769FBD24FADF6D00736326 /* NoPlaceToGo.xcdatamodeld in Sources */ = {isa = PBXBuildFile; fileRef = 2F769FBB24FADF6D00736326 /* NoPlaceToGo.xcdatamodeld */; };
		2F769FBF24FADF6D00736326 /* ContentView.swift in Sources */ = {isa = PBXBuildFile; fileRef = 2F769FBE24FADF6D00736326 /* ContentView.swift */; };
		2F769FC124FADF7900736326 /* Assets.xcassets in Resources */ = {isa = PBXBuildFile; fileRef = 2F769FC024FADF7900736326 /* Assets.xcassets */; };
		2F769FC424FADF7900736326 /* Preview Assets.xcassets in Resources */ = {isa = PBXBuildFile; fileRef = 2F769FC324FADF7900736326 /* Preview Assets.xcassets */; };
		2F769FC724FADF7900736326 /* LaunchScreen.storyboard in Resources */ = {isa = PBXBuildFile; fileRef = 2F769FC524FADF7900736326 /* LaunchScreen.storyboard */; };
		2F769FD224FADF7A00736326 /* NoPlaceToGoTests.swift in Sources */ = {isa = PBXBuildFile; fileRef = 2F769FD124FADF7A00736326 /* NoPlaceToGoTests.swift */; };
		2F769FDD24FADF7A00736326 /* NoPlaceToGoUITests.swift in Sources */ = {isa = PBXBuildFile; fileRef = 2F769FDC24FADF7A00736326 /* NoPlaceToGoUITests.swift */; };
		2F769FEC24FAE00400736326 /* Notable-Regular.ttf in Resources */ = {isa = PBXBuildFile; fileRef = 2F769FEB24FAE00400736326 /* Notable-Regular.ttf */; };
		2F769FEE24FAE02C00736326 /* ZCOOLXiaoWei-Regular.ttf in Resources */ = {isa = PBXBuildFile; fileRef = 2F769FED24FAE02C00736326 /* ZCOOLXiaoWei-Regular.ttf */; };
		2F76A01524FAE0D400736326 /* Sites.swift in Sources */ = {isa = PBXBuildFile; fileRef = 2F76A00924FAE0D100736326 /* Sites.swift */; };
		2F76A01624FAE0D400736326 /* AssetEnums.swift in Sources */ = {isa = PBXBuildFile; fileRef = 2F76A00A24FAE0D100736326 /* AssetEnums.swift */; };
		2F76A01724FAE0D400736326 /* SingleAddressSite.swift in Sources */ = {isa = PBXBuildFile; fileRef = 2F76A00B24FAE0D100736326 /* SingleAddressSite.swift */; };
		2F76A01824FAE0D400736326 /* Tootsies.swift in Sources */ = {isa = PBXBuildFile; fileRef = 2F76A00C24FAE0D200736326 /* Tootsies.swift */; };
		2F76A01924FAE0D400736326 /* EnterGroupPassword.swift in Sources */ = {isa = PBXBuildFile; fileRef = 2F76A00D24FAE0D200736326 /* EnterGroupPassword.swift */; };
		2F76A01A24FAE0D400736326 /* LamarA.swift in Sources */ = {isa = PBXBuildFile; fileRef = 2F76A00E24FAE0D200736326 /* LamarA.swift */; };
		2F76A01B24FAE0D400736326 /* Artists.swift in Sources */ = {isa = PBXBuildFile; fileRef = 2F76A00F24FAE0D200736326 /* Artists.swift */; };
		2F76A01C24FAE0D400736326 /* AddressedSite.swift in Sources */ = {isa = PBXBuildFile; fileRef = 2F76A01024FAE0D200736326 /* AddressedSite.swift */; };
		2F76A01D24FAE0D400736326 /* MintSerif.swift in Sources */ = {isa = PBXBuildFile; fileRef = 2F76A01124FAE0D300736326 /* MintSerif.swift */; };
		2F76A01E24FAE0D400736326 /* MusicRange.swift in Sources */ = {isa = PBXBuildFile; fileRef = 2F76A01224FAE0D300736326 /* MusicRange.swift */; };
		2F76A01F24FAE0D400736326 /* LamarB.swift in Sources */ = {isa = PBXBuildFile; fileRef = 2F76A01324FAE0D300736326 /* LamarB.swift */; };
		2F76A02024FAE0D400736326 /* ProgressManager.swift in Sources */ = {isa = PBXBuildFile; fileRef = 2F76A01424FAE0D300736326 /* ProgressManager.swift */; };
		2F76A02224FAF06700736326 /* ExamplesPage.swift in Sources */ = {isa = PBXBuildFile; fileRef = 2F76A02124FAF06700736326 /* ExamplesPage.swift */; };
		2F76A02424FAF23F00736326 /* MainPage.swift in Sources */ = {isa = PBXBuildFile; fileRef = 2F76A02324FAF23F00736326 /* MainPage.swift */; };
		2F76A02624FAF2E900736326 /* SettingsPage.swift in Sources */ = {isa = PBXBuildFile; fileRef = 2F76A02524FAF2E900736326 /* SettingsPage.swift */; };
		2F76A02824FB006800736326 /* ArtistsPage.swift in Sources */ = {isa = PBXBuildFile; fileRef = 2F76A02724FB006800736326 /* ArtistsPage.swift */; };
		2F76A02C24FB235C00736326 /* AboutPage.swift in Sources */ = {isa = PBXBuildFile; fileRef = 2F76A02B24FB235C00736326 /* AboutPage.swift */; };
		2F76A02E24FB263B00736326 /* MoreInfo.swift in Sources */ = {isa = PBXBuildFile; fileRef = 2F76A02D24FB263B00736326 /* MoreInfo.swift */; };
		2F76A03124FC54E000736326 /* ArtistPage.swift in Sources */ = {isa = PBXBuildFile; fileRef = 2F76A03024FC54DF00736326 /* ArtistPage.swift */; };
		2F76A03324FC54F400736326 /* ArtistRow.swift in Sources */ = {isa = PBXBuildFile; fileRef = 2F76A03224FC54F400736326 /* ArtistRow.swift */; };
		2F7ED1362516E2B600E5546A /* PhaseOne.swift in Sources */ = {isa = PBXBuildFile; fileRef = 2F7ED1352516E2B600E5546A /* PhaseOne.swift */; };
		2F7ED13E2516E2C700E5546A /* PhaseTwo.swift in Sources */ = {isa = PBXBuildFile; fileRef = 2F7ED13D2516E2C700E5546A /* PhaseTwo.swift */; };
		2F7ED1432516E5FF00E5546A /* RemoteImage.swift in Sources */ = {isa = PBXBuildFile; fileRef = 2F7ED1422516E5FF00E5546A /* RemoteImage.swift */; };
/* End PBXBuildFile section */

/* Begin PBXContainerItemProxy section */
		2F769FCE24FADF7A00736326 /* PBXContainerItemProxy */ = {
			isa = PBXContainerItemProxy;
			containerPortal = 2F769FAC24FADF6C00736326 /* Project object */;
			proxyType = 1;
			remoteGlobalIDString = 2F769FB324FADF6C00736326;
			remoteInfo = NoPlaceToGo;
		};
		2F769FD924FADF7A00736326 /* PBXContainerItemProxy */ = {
			isa = PBXContainerItemProxy;
			containerPortal = 2F769FAC24FADF6C00736326 /* Project object */;
			proxyType = 1;
			remoteGlobalIDString = 2F769FB324FADF6C00736326;
			remoteInfo = NoPlaceToGo;
		};
/* End PBXContainerItemProxy section */

/* Begin PBXFileReference section */
		2F4AA4F025181719005A7740 /* NP2G.entitlements */ = {isa = PBXFileReference; lastKnownFileType = text.plist.entitlements; path = NP2G.entitlements; sourceTree = "<group>"; };
		2F4AA4F425181C38005A7740 /* NFCViewController.swift */ = {isa = PBXFileReference; lastKnownFileType = sourcecode.swift; path = NFCViewController.swift; sourceTree = "<group>"; };
		2F4AA598251E7430005A7740 /* NFCView.swift */ = {isa = PBXFileReference; lastKnownFileType = sourcecode.swift; path = NFCView.swift; sourceTree = "<group>"; };
		2F4AA5BD251FB5F3005A7740 /* PeripheralViewController.swift */ = {isa = PBXFileReference; lastKnownFileType = sourcecode.swift; path = PeripheralViewController.swift; sourceTree = "<group>"; };
		2F4AA5C2251FB791005A7740 /* PeripheralView.swift */ = {isa = PBXFileReference; lastKnownFileType = sourcecode.swift; path = PeripheralView.swift; sourceTree = "<group>"; };
		2F4CCE20250D0E300030AF10 /* laptophumlong.mp3 */ = {isa = PBXFileReference; lastKnownFileType = audio.mp3; path = laptophumlong.mp3; sourceTree = "<group>"; };
		2F4CCE21250D0E300030AF10 /* laptophumshort.mp3 */ = {isa = PBXFileReference; lastKnownFileType = audio.mp3; path = laptophumshort.mp3; sourceTree = "<group>"; };
		2F4D8DE12511A82E00FA814E /* phonetree.csv */ = {isa = PBXFileReference; fileEncoding = 4; lastKnownFileType = text; path = phonetree.csv; sourceTree = "<group>"; };
		2F5C4F822512797600E81B39 /* sleepsound.mp3 */ = {isa = PBXFileReference; lastKnownFileType = audio.mp3; path = sleepsound.mp3; sourceTree = "<group>"; };
		2F7298F0250423C100FC45FD /* MoeGraham.swift */ = {isa = PBXFileReference; lastKnownFileType = sourcecode.swift; path = MoeGraham.swift; sourceTree = "<group>"; };
		2F7298F2250423D800FC45FD /* ChrissyGrace.swift */ = {isa = PBXFileReference; lastKnownFileType = sourcecode.swift; path = ChrissyGrace.swift; sourceTree = "<group>"; };
		2F7298F4250423F200FC45FD /* StevenFrost.swift */ = {isa = PBXFileReference; lastKnownFileType = sourcecode.swift; path = StevenFrost.swift; sourceTree = "<group>"; };
		2F7298F62504242300FC45FD /* BAGBAYSHA.swift */ = {isa = PBXFileReference; lastKnownFileType = sourcecode.swift; path = BAGBAYSHA.swift; sourceTree = "<group>"; };
		2F7298F82504243A00FC45FD /* ReneeHayleyD.swift */ = {isa = PBXFileReference; lastKnownFileType = sourcecode.swift; path = ReneeHayleyD.swift; sourceTree = "<group>"; };
		2F7298FA2504245100FC45FD /* EmilyMichaela.swift */ = {isa = PBXFileReference; lastKnownFileType = sourcecode.swift; path = EmilyMichaela.swift; sourceTree = "<group>"; };
		2F7298FC2504246300FC45FD /* NolanTredway.swift */ = {isa = PBXFileReference; lastKnownFileType = sourcecode.swift; path = NolanTredway.swift; sourceTree = "<group>"; };
		2F7298FE2504247800FC45FD /* HayleyKrichels.swift */ = {isa = PBXFileReference; lastKnownFileType = sourcecode.swift; path = HayleyKrichels.swift; sourceTree = "<group>"; };
		2F7299002504248800FC45FD /* NicoleBanowetz.swift */ = {isa = PBXFileReference; lastKnownFileType = sourcecode.swift; path = NicoleBanowetz.swift; sourceTree = "<group>"; };
		2F769FB424FADF6C00736326 /* NP2G.app */ = {isa = PBXFileReference; explicitFileType = wrapper.application; includeInIndex = 0; path = NP2G.app; sourceTree = BUILT_PRODUCTS_DIR; };
		2F769FB724FADF6C00736326 /* AppDelegate.swift */ = {isa = PBXFileReference; lastKnownFileType = sourcecode.swift; path = AppDelegate.swift; sourceTree = "<group>"; };
		2F769FB924FADF6C00736326 /* SceneDelegate.swift */ = {isa = PBXFileReference; lastKnownFileType = sourcecode.swift; path = SceneDelegate.swift; sourceTree = "<group>"; };
		2F769FBC24FADF6D00736326 /* NoPlaceToGo.xcdatamodel */ = {isa = PBXFileReference; lastKnownFileType = wrapper.xcdatamodel; path = NoPlaceToGo.xcdatamodel; sourceTree = "<group>"; };
		2F769FBE24FADF6D00736326 /* ContentView.swift */ = {isa = PBXFileReference; lastKnownFileType = sourcecode.swift; path = ContentView.swift; sourceTree = "<group>"; };
		2F769FC024FADF7900736326 /* Assets.xcassets */ = {isa = PBXFileReference; lastKnownFileType = folder.assetcatalog; path = Assets.xcassets; sourceTree = "<group>"; };
		2F769FC324FADF7900736326 /* Preview Assets.xcassets */ = {isa = PBXFileReference; lastKnownFileType = folder.assetcatalog; path = "Preview Assets.xcassets"; sourceTree = "<group>"; };
		2F769FC624FADF7900736326 /* Base */ = {isa = PBXFileReference; lastKnownFileType = file.storyboard; name = Base; path = Base.lproj/LaunchScreen.storyboard; sourceTree = "<group>"; };
		2F769FC824FADF7900736326 /* Info.plist */ = {isa = PBXFileReference; lastKnownFileType = text.plist.xml; path = Info.plist; sourceTree = "<group>"; };
		2F769FCD24FADF7A00736326 /* NoPlaceToGoTests.xctest */ = {isa = PBXFileReference; explicitFileType = wrapper.cfbundle; includeInIndex = 0; path = NoPlaceToGoTests.xctest; sourceTree = BUILT_PRODUCTS_DIR; };
		2F769FD124FADF7A00736326 /* NoPlaceToGoTests.swift */ = {isa = PBXFileReference; lastKnownFileType = sourcecode.swift; path = NoPlaceToGoTests.swift; sourceTree = "<group>"; };
		2F769FD324FADF7A00736326 /* Info.plist */ = {isa = PBXFileReference; lastKnownFileType = text.plist.xml; path = Info.plist; sourceTree = "<group>"; };
		2F769FD824FADF7A00736326 /* NoPlaceToGoUITests.xctest */ = {isa = PBXFileReference; explicitFileType = wrapper.cfbundle; includeInIndex = 0; path = NoPlaceToGoUITests.xctest; sourceTree = BUILT_PRODUCTS_DIR; };
		2F769FDC24FADF7A00736326 /* NoPlaceToGoUITests.swift */ = {isa = PBXFileReference; lastKnownFileType = sourcecode.swift; path = NoPlaceToGoUITests.swift; sourceTree = "<group>"; };
		2F769FDE24FADF7A00736326 /* Info.plist */ = {isa = PBXFileReference; lastKnownFileType = text.plist.xml; path = Info.plist; sourceTree = "<group>"; };
		2F769FEB24FAE00400736326 /* Notable-Regular.ttf */ = {isa = PBXFileReference; lastKnownFileType = file; name = "Notable-Regular.ttf"; path = "../../../shared/Notable/Notable-Regular.ttf"; sourceTree = "<group>"; };
		2F769FED24FAE02C00736326 /* ZCOOLXiaoWei-Regular.ttf */ = {isa = PBXFileReference; lastKnownFileType = file; name = "ZCOOLXiaoWei-Regular.ttf"; path = "../../../shared/ZCOOL_XiaoWei/ZCOOLXiaoWei-Regular.ttf"; sourceTree = "<group>"; };
		2F76A00924FAE0D100736326 /* Sites.swift */ = {isa = PBXFileReference; fileEncoding = 4; lastKnownFileType = sourcecode.swift; path = Sites.swift; sourceTree = "<group>"; };
		2F76A00A24FAE0D100736326 /* AssetEnums.swift */ = {isa = PBXFileReference; fileEncoding = 4; lastKnownFileType = sourcecode.swift; path = AssetEnums.swift; sourceTree = "<group>"; };
		2F76A00B24FAE0D100736326 /* SingleAddressSite.swift */ = {isa = PBXFileReference; fileEncoding = 4; lastKnownFileType = sourcecode.swift; path = SingleAddressSite.swift; sourceTree = "<group>"; };
		2F76A00C24FAE0D200736326 /* Tootsies.swift */ = {isa = PBXFileReference; fileEncoding = 4; lastKnownFileType = sourcecode.swift; path = Tootsies.swift; sourceTree = "<group>"; };
		2F76A00D24FAE0D200736326 /* EnterGroupPassword.swift */ = {isa = PBXFileReference; fileEncoding = 4; lastKnownFileType = sourcecode.swift; path = EnterGroupPassword.swift; sourceTree = "<group>"; };
		2F76A00E24FAE0D200736326 /* LamarA.swift */ = {isa = PBXFileReference; fileEncoding = 4; lastKnownFileType = sourcecode.swift; path = LamarA.swift; sourceTree = "<group>"; };
		2F76A00F24FAE0D200736326 /* Artists.swift */ = {isa = PBXFileReference; fileEncoding = 4; lastKnownFileType = sourcecode.swift; path = Artists.swift; sourceTree = "<group>"; };
		2F76A01024FAE0D200736326 /* AddressedSite.swift */ = {isa = PBXFileReference; fileEncoding = 4; lastKnownFileType = sourcecode.swift; path = AddressedSite.swift; sourceTree = "<group>"; };
		2F76A01124FAE0D300736326 /* MintSerif.swift */ = {isa = PBXFileReference; fileEncoding = 4; lastKnownFileType = sourcecode.swift; path = MintSerif.swift; sourceTree = "<group>"; };
		2F76A01224FAE0D300736326 /* MusicRange.swift */ = {isa = PBXFileReference; fileEncoding = 4; lastKnownFileType = sourcecode.swift; path = MusicRange.swift; sourceTree = "<group>"; };
		2F76A01324FAE0D300736326 /* LamarB.swift */ = {isa = PBXFileReference; fileEncoding = 4; lastKnownFileType = sourcecode.swift; path = LamarB.swift; sourceTree = "<group>"; };
		2F76A01424FAE0D300736326 /* ProgressManager.swift */ = {isa = PBXFileReference; fileEncoding = 4; lastKnownFileType = sourcecode.swift; path = ProgressManager.swift; sourceTree = "<group>"; };
		2F76A02124FAF06700736326 /* ExamplesPage.swift */ = {isa = PBXFileReference; lastKnownFileType = sourcecode.swift; path = ExamplesPage.swift; sourceTree = "<group>"; };
		2F76A02324FAF23F00736326 /* MainPage.swift */ = {isa = PBXFileReference; lastKnownFileType = sourcecode.swift; path = MainPage.swift; sourceTree = "<group>"; };
		2F76A02524FAF2E900736326 /* SettingsPage.swift */ = {isa = PBXFileReference; lastKnownFileType = sourcecode.swift; path = SettingsPage.swift; sourceTree = "<group>"; };
		2F76A02724FB006800736326 /* ArtistsPage.swift */ = {isa = PBXFileReference; lastKnownFileType = sourcecode.swift; path = ArtistsPage.swift; sourceTree = "<group>"; };
		2F76A02B24FB235C00736326 /* AboutPage.swift */ = {isa = PBXFileReference; lastKnownFileType = sourcecode.swift; path = AboutPage.swift; sourceTree = "<group>"; };
		2F76A02D24FB263B00736326 /* MoreInfo.swift */ = {isa = PBXFileReference; lastKnownFileType = sourcecode.swift; path = MoreInfo.swift; sourceTree = "<group>"; };
		2F76A03024FC54DF00736326 /* ArtistPage.swift */ = {isa = PBXFileReference; lastKnownFileType = sourcecode.swift; path = ArtistPage.swift; sourceTree = "<group>"; };
		2F76A03224FC54F400736326 /* ArtistRow.swift */ = {isa = PBXFileReference; lastKnownFileType = sourcecode.swift; path = ArtistRow.swift; sourceTree = "<group>"; };
		2F7ED1352516E2B600E5546A /* PhaseOne.swift */ = {isa = PBXFileReference; lastKnownFileType = sourcecode.swift; path = PhaseOne.swift; sourceTree = "<group>"; };
		2F7ED13D2516E2C700E5546A /* PhaseTwo.swift */ = {isa = PBXFileReference; lastKnownFileType = sourcecode.swift; path = PhaseTwo.swift; sourceTree = "<group>"; };
		2F7ED1422516E5FF00E5546A /* RemoteImage.swift */ = {isa = PBXFileReference; lastKnownFileType = sourcecode.swift; path = RemoteImage.swift; sourceTree = "<group>"; };
/* End PBXFileReference section */

/* Begin PBXFrameworksBuildPhase section */
		2F769FB124FADF6C00736326 /* Frameworks */ = {
			isa = PBXFrameworksBuildPhase;
			buildActionMask = 2147483647;
			files = (
			);
			runOnlyForDeploymentPostprocessing = 0;
		};
		2F769FCA24FADF7A00736326 /* Frameworks */ = {
			isa = PBXFrameworksBuildPhase;
			buildActionMask = 2147483647;
			files = (
			);
			runOnlyForDeploymentPostprocessing = 0;
		};
		2F769FD524FADF7A00736326 /* Frameworks */ = {
			isa = PBXFrameworksBuildPhase;
			buildActionMask = 2147483647;
			files = (
			);
			runOnlyForDeploymentPostprocessing = 0;
		};
/* End PBXFrameworksBuildPhase section */

/* Begin PBXGroup section */
		2F4CCE1F250D0E300030AF10 /* moe */ = {
			isa = PBXGroup;
			children = (
				2F4CCE20250D0E300030AF10 /* laptophumlong.mp3 */,
				2F4CCE21250D0E300030AF10 /* laptophumshort.mp3 */,
			);
			name = moe;
			path = ../../../../shared/moe;
			sourceTree = "<group>";
		};
		2F4D8DE02511A82E00FA814E /* reneehayleyd */ = {
			isa = PBXGroup;
			children = (
				2F4D8DE12511A82E00FA814E /* phonetree.csv */,
			);
			name = reneehayleyd;
			path = ../../../../shared/reneehayleyd;
			sourceTree = "<group>";
		};
		2F5C4F812512797600E81B39 /* chrissygrace */ = {
			isa = PBXGroup;
			children = (
				2F5C4F822512797600E81B39 /* sleepsound.mp3 */,
			);
			name = chrissygrace;
			path = ../../../../shared/chrissygrace;
			sourceTree = "<group>";
		};
		2F7298EF2504233200FC45FD /* Installations */ = {
			isa = PBXGroup;
			children = (
				2F7298F0250423C100FC45FD /* MoeGraham.swift */,
				2F4CCE1F250D0E300030AF10 /* moe */,
				2F7298F2250423D800FC45FD /* ChrissyGrace.swift */,
				2F5C4F812512797600E81B39 /* chrissygrace */,
				2F7298F4250423F200FC45FD /* StevenFrost.swift */,
				2F7298F62504242300FC45FD /* BAGBAYSHA.swift */,
				2F7298F82504243A00FC45FD /* ReneeHayleyD.swift */,
				2F4D8DE02511A82E00FA814E /* reneehayleyd */,
				2F7298FA2504245100FC45FD /* EmilyMichaela.swift */,
				2F7ED1342516E29200E5546A /* emilymichaela */,
				2F7298FC2504246300FC45FD /* NolanTredway.swift */,
				2F7298FE2504247800FC45FD /* HayleyKrichels.swift */,
				2F7299002504248800FC45FD /* NicoleBanowetz.swift */,
			);
			path = Installations;
			sourceTree = "<group>";
		};
		2F769FAB24FADF6C00736326 = {
			isa = PBXGroup;
			children = (
				2F769FB624FADF6C00736326 /* NoPlaceToGo */,
				2F769FD024FADF7A00736326 /* NoPlaceToGoTests */,
				2F769FDB24FADF7A00736326 /* NoPlaceToGoUITests */,
				2F769FB524FADF6C00736326 /* Products */,
			);
			sourceTree = "<group>";
		};
		2F769FB524FADF6C00736326 /* Products */ = {
			isa = PBXGroup;
			children = (
				2F769FB424FADF6C00736326 /* NP2G.app */,
				2F769FCD24FADF7A00736326 /* NoPlaceToGoTests.xctest */,
				2F769FD824FADF7A00736326 /* NoPlaceToGoUITests.xctest */,
			);
			name = Products;
			sourceTree = "<group>";
		};
		2F769FB624FADF6C00736326 /* NoPlaceToGo */ = {
			isa = PBXGroup;
			children = (
				2F4AA4F025181719005A7740 /* NP2G.entitlements */,
				2F769FB724FADF6C00736326 /* AppDelegate.swift */,
				2F769FB924FADF6C00736326 /* SceneDelegate.swift */,
				2F769FBE24FADF6D00736326 /* ContentView.swift */,
				2F76A02324FAF23F00736326 /* MainPage.swift */,
				2F76A00D24FAE0D200736326 /* EnterGroupPassword.swift */,
				2F76A02D24FB263B00736326 /* MoreInfo.swift */,
				2F76A02524FAF2E900736326 /* SettingsPage.swift */,
				2F76A02724FB006800736326 /* ArtistsPage.swift */,
				2F76A03024FC54DF00736326 /* ArtistPage.swift */,
				2F76A03224FC54F400736326 /* ArtistRow.swift */,
				2F76A02B24FB235C00736326 /* AboutPage.swift */,
				2F7298EF2504233200FC45FD /* Installations */,
				2F76A00F24FAE0D200736326 /* Artists.swift */,
				2F4AA598251E7430005A7740 /* NFCView.swift */,
				2F4AA4F425181C38005A7740 /* NFCViewController.swift */,
				2F4AA5C2251FB791005A7740 /* PeripheralView.swift */,
				2F4AA5BD251FB5F3005A7740 /* PeripheralViewController.swift */,
				2F76A02124FAF06700736326 /* ExamplesPage.swift */,
				2F76A00A24FAE0D100736326 /* AssetEnums.swift */,
				2F76A02F24FC10E400736326 /* Sites */,
				2F76A01424FAE0D300736326 /* ProgressManager.swift */,
				2F76A01024FAE0D200736326 /* AddressedSite.swift */,
				2F76A00B24FAE0D100736326 /* SingleAddressSite.swift */,
				2F7ED1422516E5FF00E5546A /* RemoteImage.swift */,
				2F769FC024FADF7900736326 /* Assets.xcassets */,
				2F769FEA24FADFDC00736326 /* Fonts */,
				2F769FC524FADF7900736326 /* LaunchScreen.storyboard */,
				2F769FC824FADF7900736326 /* Info.plist */,
				2F769FBB24FADF6D00736326 /* NoPlaceToGo.xcdatamodeld */,
				2F769FC224FADF7900736326 /* Preview Content */,
			);
			path = NoPlaceToGo;
			sourceTree = "<group>";
		};
		2F769FC224FADF7900736326 /* Preview Content */ = {
			isa = PBXGroup;
			children = (
				2F769FC324FADF7900736326 /* Preview Assets.xcassets */,
			);
			path = "Preview Content";
			sourceTree = "<group>";
		};
		2F769FD024FADF7A00736326 /* NoPlaceToGoTests */ = {
			isa = PBXGroup;
			children = (
				2F769FD124FADF7A00736326 /* NoPlaceToGoTests.swift */,
				2F769FD324FADF7A00736326 /* Info.plist */,
			);
			path = NoPlaceToGoTests;
			sourceTree = "<group>";
		};
		2F769FDB24FADF7A00736326 /* NoPlaceToGoUITests */ = {
			isa = PBXGroup;
			children = (
				2F769FDC24FADF7A00736326 /* NoPlaceToGoUITests.swift */,
				2F769FDE24FADF7A00736326 /* Info.plist */,
			);
			path = NoPlaceToGoUITests;
			sourceTree = "<group>";
		};
		2F769FEA24FADFDC00736326 /* Fonts */ = {
			isa = PBXGroup;
			children = (
				2F769FEB24FAE00400736326 /* Notable-Regular.ttf */,
				2F769FED24FAE02C00736326 /* ZCOOLXiaoWei-Regular.ttf */,
			);
			name = Fonts;
			sourceTree = "<group>";
		};
		2F76A02F24FC10E400736326 /* Sites */ = {
			isa = PBXGroup;
			children = (
				2F76A00924FAE0D100736326 /* Sites.swift */,
				2F76A00E24FAE0D200736326 /* LamarA.swift */,
				2F76A01324FAE0D300736326 /* LamarB.swift */,
				2F76A01124FAE0D300736326 /* MintSerif.swift */,
				2F76A01224FAE0D300736326 /* MusicRange.swift */,
				2F76A00C24FAE0D200736326 /* Tootsies.swift */,
			);
			name = Sites;
			sourceTree = "<group>";
		};
		2F7ED1342516E29200E5546A /* emilymichaela */ = {
			isa = PBXGroup;
			children = (
				2F7ED1352516E2B600E5546A /* PhaseOne.swift */,
				2F7ED13D2516E2C700E5546A /* PhaseTwo.swift */,
			);
			path = emilymichaela;
			sourceTree = "<group>";
		};
/* End PBXGroup section */

/* Begin PBXNativeTarget section */
		2F769FB324FADF6C00736326 /* NoPlaceToGo */ = {
			isa = PBXNativeTarget;
			buildConfigurationList = 2F769FE124FADF7A00736326 /* Build configuration list for PBXNativeTarget "NoPlaceToGo" */;
			buildPhases = (
				2F769FB024FADF6C00736326 /* Sources */,
				2F769FB124FADF6C00736326 /* Frameworks */,
				2F769FB224FADF6C00736326 /* Resources */,
			);
			buildRules = (
			);
			dependencies = (
			);
			name = NoPlaceToGo;
			productName = NoPlaceToGo;
			productReference = 2F769FB424FADF6C00736326 /* NP2G.app */;
			productType = "com.apple.product-type.application";
		};
		2F769FCC24FADF7A00736326 /* NoPlaceToGoTests */ = {
			isa = PBXNativeTarget;
			buildConfigurationList = 2F769FE424FADF7A00736326 /* Build configuration list for PBXNativeTarget "NoPlaceToGoTests" */;
			buildPhases = (
				2F769FC924FADF7A00736326 /* Sources */,
				2F769FCA24FADF7A00736326 /* Frameworks */,
				2F769FCB24FADF7A00736326 /* Resources */,
			);
			buildRules = (
			);
			dependencies = (
				2F769FCF24FADF7A00736326 /* PBXTargetDependency */,
			);
			name = NoPlaceToGoTests;
			productName = NoPlaceToGoTests;
			productReference = 2F769FCD24FADF7A00736326 /* NoPlaceToGoTests.xctest */;
			productType = "com.apple.product-type.bundle.unit-test";
		};
		2F769FD724FADF7A00736326 /* NoPlaceToGoUITests */ = {
			isa = PBXNativeTarget;
			buildConfigurationList = 2F769FE724FADF7A00736326 /* Build configuration list for PBXNativeTarget "NoPlaceToGoUITests" */;
			buildPhases = (
				2F769FD424FADF7A00736326 /* Sources */,
				2F769FD524FADF7A00736326 /* Frameworks */,
				2F769FD624FADF7A00736326 /* Resources */,
			);
			buildRules = (
			);
			dependencies = (
				2F769FDA24FADF7A00736326 /* PBXTargetDependency */,
			);
			name = NoPlaceToGoUITests;
			productName = NoPlaceToGoUITests;
			productReference = 2F769FD824FADF7A00736326 /* NoPlaceToGoUITests.xctest */;
			productType = "com.apple.product-type.bundle.ui-testing";
		};
/* End PBXNativeTarget section */

/* Begin PBXProject section */
		2F769FAC24FADF6C00736326 /* Project object */ = {
			isa = PBXProject;
			attributes = {
				LastSwiftUpdateCheck = 1160;
				LastUpgradeCheck = 1200;
				ORGANIZATIONNAME = "Bryan Costanza";
				TargetAttributes = {
					2F769FB324FADF6C00736326 = {
						CreatedOnToolsVersion = 11.6;
					};
					2F769FCC24FADF7A00736326 = {
						CreatedOnToolsVersion = 11.6;
						TestTargetID = 2F769FB324FADF6C00736326;
					};
					2F769FD724FADF7A00736326 = {
						CreatedOnToolsVersion = 11.6;
						TestTargetID = 2F769FB324FADF6C00736326;
					};
				};
			};
			buildConfigurationList = 2F769FAF24FADF6C00736326 /* Build configuration list for PBXProject "NoPlaceToGo" */;
			compatibilityVersion = "Xcode 9.3";
			developmentRegion = en;
			hasScannedForEncodings = 0;
			knownRegions = (
				en,
				Base,
			);
			mainGroup = 2F769FAB24FADF6C00736326;
			productRefGroup = 2F769FB524FADF6C00736326 /* Products */;
			projectDirPath = "";
			projectRoot = "";
			targets = (
				2F769FB324FADF6C00736326 /* NoPlaceToGo */,
				2F769FCC24FADF7A00736326 /* NoPlaceToGoTests */,
				2F769FD724FADF7A00736326 /* NoPlaceToGoUITests */,
			);
		};
/* End PBXProject section */

/* Begin PBXResourcesBuildPhase section */
		2F769FB224FADF6C00736326 /* Resources */ = {
			isa = PBXResourcesBuildPhase;
			buildActionMask = 2147483647;
			files = (
				2F5C4F832512797600E81B39 /* sleepsound.mp3 in Resources */,
				2F769FC724FADF7900736326 /* LaunchScreen.storyboard in Resources */,
				2F4D8DE22511A82E00FA814E /* phonetree.csv in Resources */,
				2F4CCE24250D0E310030AF10 /* laptophumshort.mp3 in Resources */,
				2F4CCE23250D0E310030AF10 /* laptophumlong.mp3 in Resources */,
				2F769FEE24FAE02C00736326 /* ZCOOLXiaoWei-Regular.ttf in Resources */,
				2F769FC424FADF7900736326 /* Preview Assets.xcassets in Resources */,
				2F769FC124FADF7900736326 /* Assets.xcassets in Resources */,
				2F769FEC24FAE00400736326 /* Notable-Regular.ttf in Resources */,
			);
			runOnlyForDeploymentPostprocessing = 0;
		};
		2F769FCB24FADF7A00736326 /* Resources */ = {
			isa = PBXResourcesBuildPhase;
			buildActionMask = 2147483647;
			files = (
			);
			runOnlyForDeploymentPostprocessing = 0;
		};
		2F769FD624FADF7A00736326 /* Resources */ = {
			isa = PBXResourcesBuildPhase;
			buildActionMask = 2147483647;
			files = (
			);
			runOnlyForDeploymentPostprocessing = 0;
		};
/* End PBXResourcesBuildPhase section */

/* Begin PBXSourcesBuildPhase section */
		2F769FB024FADF6C00736326 /* Sources */ = {
			isa = PBXSourcesBuildPhase;
			buildActionMask = 2147483647;
			files = (
				2F76A01624FAE0D400736326 /* AssetEnums.swift in Sources */,
				2F4AA599251E7430005A7740 /* NFCView.swift in Sources */,
				2F7298FD2504246300FC45FD /* NolanTredway.swift in Sources */,
				2F76A02424FAF23F00736326 /* MainPage.swift in Sources */,
				2F76A01B24FAE0D400736326 /* Artists.swift in Sources */,
				2F769FB824FADF6C00736326 /* AppDelegate.swift in Sources */,
				2F76A01C24FAE0D400736326 /* AddressedSite.swift in Sources */,
				2F76A02224FAF06700736326 /* ExamplesPage.swift in Sources */,
				2F76A01D24FAE0D400736326 /* MintSerif.swift in Sources */,
				2F76A03124FC54E000736326 /* ArtistPage.swift in Sources */,
				2F769FBD24FADF6D00736326 /* NoPlaceToGo.xcdatamodeld in Sources */,
				2F4AA4F525181C38005A7740 /* NFCViewController.swift in Sources */,
				2F76A03324FC54F400736326 /* ArtistRow.swift in Sources */,
				2F769FBF24FADF6D00736326 /* ContentView.swift in Sources */,
				2F7ED1362516E2B600E5546A /* PhaseOne.swift in Sources */,
				2F76A01824FAE0D400736326 /* Tootsies.swift in Sources */,
				2F7298F1250423C100FC45FD /* MoeGraham.swift in Sources */,
				2F76A02C24FB235C00736326 /* AboutPage.swift in Sources */,
				2F76A01724FAE0D400736326 /* SingleAddressSite.swift in Sources */,
				2F7298FF2504247800FC45FD /* HayleyKrichels.swift in Sources */,
				2F76A02824FB006800736326 /* ArtistsPage.swift in Sources */,
				2F7298F72504242300FC45FD /* BAGBAYSHA.swift in Sources */,
				2F76A01924FAE0D400736326 /* EnterGroupPassword.swift in Sources */,
				2F76A01F24FAE0D400736326 /* LamarB.swift in Sources */,
				2F4AA5C3251FB791005A7740 /* PeripheralView.swift in Sources */,
				2F7299012504248800FC45FD /* NicoleBanowetz.swift in Sources */,
				2F76A02E24FB263B00736326 /* MoreInfo.swift in Sources */,
				2F76A01E24FAE0D400736326 /* MusicRange.swift in Sources */,
				2F7298F92504243A00FC45FD /* ReneeHayleyD.swift in Sources */,
				2F76A01A24FAE0D400736326 /* LamarA.swift in Sources */,
				2F7ED1432516E5FF00E5546A /* RemoteImage.swift in Sources */,
				2F4AA5BE251FB5F4005A7740 /* PeripheralViewController.swift in Sources */,
				2F7298F5250423F200FC45FD /* StevenFrost.swift in Sources */,
				2F7298FB2504245100FC45FD /* EmilyMichaela.swift in Sources */,
				2F76A02624FAF2E900736326 /* SettingsPage.swift in Sources */,
				2F7298F3250423D800FC45FD /* ChrissyGrace.swift in Sources */,
				2F769FBA24FADF6C00736326 /* SceneDelegate.swift in Sources */,
				2F7ED13E2516E2C700E5546A /* PhaseTwo.swift in Sources */,
				2F76A02024FAE0D400736326 /* ProgressManager.swift in Sources */,
				2F76A01524FAE0D400736326 /* Sites.swift in Sources */,
			);
			runOnlyForDeploymentPostprocessing = 0;
		};
		2F769FC924FADF7A00736326 /* Sources */ = {
			isa = PBXSourcesBuildPhase;
			buildActionMask = 2147483647;
			files = (
				2F769FD224FADF7A00736326 /* NoPlaceToGoTests.swift in Sources */,
			);
			runOnlyForDeploymentPostprocessing = 0;
		};
		2F769FD424FADF7A00736326 /* Sources */ = {
			isa = PBXSourcesBuildPhase;
			buildActionMask = 2147483647;
			files = (
				2F769FDD24FADF7A00736326 /* NoPlaceToGoUITests.swift in Sources */,
			);
			runOnlyForDeploymentPostprocessing = 0;
		};
/* End PBXSourcesBuildPhase section */

/* Begin PBXTargetDependency section */
		2F769FCF24FADF7A00736326 /* PBXTargetDependency */ = {
			isa = PBXTargetDependency;
			target = 2F769FB324FADF6C00736326 /* NoPlaceToGo */;
			targetProxy = 2F769FCE24FADF7A00736326 /* PBXContainerItemProxy */;
		};
		2F769FDA24FADF7A00736326 /* PBXTargetDependency */ = {
			isa = PBXTargetDependency;
			target = 2F769FB324FADF6C00736326 /* NoPlaceToGo */;
			targetProxy = 2F769FD924FADF7A00736326 /* PBXContainerItemProxy */;
		};
/* End PBXTargetDependency section */

/* Begin PBXVariantGroup section */
		2F769FC524FADF7900736326 /* LaunchScreen.storyboard */ = {
			isa = PBXVariantGroup;
			children = (
				2F769FC624FADF7900736326 /* Base */,
			);
			name = LaunchScreen.storyboard;
			sourceTree = "<group>";
		};
/* End PBXVariantGroup section */

/* Begin XCBuildConfiguration section */
		2F769FDF24FADF7A00736326 /* Debug */ = {
			isa = XCBuildConfiguration;
			buildSettings = {
				ALWAYS_SEARCH_USER_PATHS = NO;
				CLANG_ANALYZER_NONNULL = YES;
				CLANG_ANALYZER_NUMBER_OBJECT_CONVERSION = YES_AGGRESSIVE;
				CLANG_CXX_LANGUAGE_STANDARD = "gnu++14";
				CLANG_CXX_LIBRARY = "libc++";
				CLANG_ENABLE_MODULES = YES;
				CLANG_ENABLE_OBJC_ARC = YES;
				CLANG_ENABLE_OBJC_WEAK = YES;
				CLANG_WARN_BLOCK_CAPTURE_AUTORELEASING = YES;
				CLANG_WARN_BOOL_CONVERSION = YES;
				CLANG_WARN_COMMA = YES;
				CLANG_WARN_CONSTANT_CONVERSION = YES;
				CLANG_WARN_DEPRECATED_OBJC_IMPLEMENTATIONS = YES;
				CLANG_WARN_DIRECT_OBJC_ISA_USAGE = YES_ERROR;
				CLANG_WARN_DOCUMENTATION_COMMENTS = YES;
				CLANG_WARN_EMPTY_BODY = YES;
				CLANG_WARN_ENUM_CONVERSION = YES;
				CLANG_WARN_INFINITE_RECURSION = YES;
				CLANG_WARN_INT_CONVERSION = YES;
				CLANG_WARN_NON_LITERAL_NULL_CONVERSION = YES;
				CLANG_WARN_OBJC_IMPLICIT_RETAIN_SELF = YES;
				CLANG_WARN_OBJC_LITERAL_CONVERSION = YES;
				CLANG_WARN_OBJC_ROOT_CLASS = YES_ERROR;
				CLANG_WARN_QUOTED_INCLUDE_IN_FRAMEWORK_HEADER = YES;
				CLANG_WARN_RANGE_LOOP_ANALYSIS = YES;
				CLANG_WARN_STRICT_PROTOTYPES = YES;
				CLANG_WARN_SUSPICIOUS_MOVE = YES;
				CLANG_WARN_UNGUARDED_AVAILABILITY = YES_AGGRESSIVE;
				CLANG_WARN_UNREACHABLE_CODE = YES;
				CLANG_WARN__DUPLICATE_METHOD_MATCH = YES;
				COPY_PHASE_STRIP = NO;
				DEBUG_INFORMATION_FORMAT = dwarf;
				ENABLE_STRICT_OBJC_MSGSEND = YES;
				ENABLE_TESTABILITY = YES;
				GCC_C_LANGUAGE_STANDARD = gnu11;
				GCC_DYNAMIC_NO_PIC = NO;
				GCC_NO_COMMON_BLOCKS = YES;
				GCC_OPTIMIZATION_LEVEL = 0;
				GCC_PREPROCESSOR_DEFINITIONS = (
					"DEBUG=1",
					"$(inherited)",
				);
				GCC_WARN_64_TO_32_BIT_CONVERSION = YES;
				GCC_WARN_ABOUT_RETURN_TYPE = YES_ERROR;
				GCC_WARN_UNDECLARED_SELECTOR = YES;
				GCC_WARN_UNINITIALIZED_AUTOS = YES_AGGRESSIVE;
				GCC_WARN_UNUSED_FUNCTION = YES;
				GCC_WARN_UNUSED_VARIABLE = YES;
				IPHONEOS_DEPLOYMENT_TARGET = 13.6;
				MTL_ENABLE_DEBUG_INFO = INCLUDE_SOURCE;
				MTL_FAST_MATH = YES;
				ONLY_ACTIVE_ARCH = YES;
				SDKROOT = iphoneos;
				SWIFT_ACTIVE_COMPILATION_CONDITIONS = DEBUG;
				SWIFT_OPTIMIZATION_LEVEL = "-Onone";
			};
			name = Debug;
		};
		2F769FE024FADF7A00736326 /* Release */ = {
			isa = XCBuildConfiguration;
			buildSettings = {
				ALWAYS_SEARCH_USER_PATHS = NO;
				CLANG_ANALYZER_NONNULL = YES;
				CLANG_ANALYZER_NUMBER_OBJECT_CONVERSION = YES_AGGRESSIVE;
				CLANG_CXX_LANGUAGE_STANDARD = "gnu++14";
				CLANG_CXX_LIBRARY = "libc++";
				CLANG_ENABLE_MODULES = YES;
				CLANG_ENABLE_OBJC_ARC = YES;
				CLANG_ENABLE_OBJC_WEAK = YES;
				CLANG_WARN_BLOCK_CAPTURE_AUTORELEASING = YES;
				CLANG_WARN_BOOL_CONVERSION = YES;
				CLANG_WARN_COMMA = YES;
				CLANG_WARN_CONSTANT_CONVERSION = YES;
				CLANG_WARN_DEPRECATED_OBJC_IMPLEMENTATIONS = YES;
				CLANG_WARN_DIRECT_OBJC_ISA_USAGE = YES_ERROR;
				CLANG_WARN_DOCUMENTATION_COMMENTS = YES;
				CLANG_WARN_EMPTY_BODY = YES;
				CLANG_WARN_ENUM_CONVERSION = YES;
				CLANG_WARN_INFINITE_RECURSION = YES;
				CLANG_WARN_INT_CONVERSION = YES;
				CLANG_WARN_NON_LITERAL_NULL_CONVERSION = YES;
				CLANG_WARN_OBJC_IMPLICIT_RETAIN_SELF = YES;
				CLANG_WARN_OBJC_LITERAL_CONVERSION = YES;
				CLANG_WARN_OBJC_ROOT_CLASS = YES_ERROR;
				CLANG_WARN_QUOTED_INCLUDE_IN_FRAMEWORK_HEADER = YES;
				CLANG_WARN_RANGE_LOOP_ANALYSIS = YES;
				CLANG_WARN_STRICT_PROTOTYPES = YES;
				CLANG_WARN_SUSPICIOUS_MOVE = YES;
				CLANG_WARN_UNGUARDED_AVAILABILITY = YES_AGGRESSIVE;
				CLANG_WARN_UNREACHABLE_CODE = YES;
				CLANG_WARN__DUPLICATE_METHOD_MATCH = YES;
				COPY_PHASE_STRIP = NO;
				DEBUG_INFORMATION_FORMAT = "dwarf-with-dsym";
				ENABLE_NS_ASSERTIONS = NO;
				ENABLE_STRICT_OBJC_MSGSEND = YES;
				GCC_C_LANGUAGE_STANDARD = gnu11;
				GCC_NO_COMMON_BLOCKS = YES;
				GCC_WARN_64_TO_32_BIT_CONVERSION = YES;
				GCC_WARN_ABOUT_RETURN_TYPE = YES_ERROR;
				GCC_WARN_UNDECLARED_SELECTOR = YES;
				GCC_WARN_UNINITIALIZED_AUTOS = YES_AGGRESSIVE;
				GCC_WARN_UNUSED_FUNCTION = YES;
				GCC_WARN_UNUSED_VARIABLE = YES;
				IPHONEOS_DEPLOYMENT_TARGET = 13.6;
				MTL_ENABLE_DEBUG_INFO = NO;
				MTL_FAST_MATH = YES;
				SDKROOT = iphoneos;
				SWIFT_COMPILATION_MODE = wholemodule;
				SWIFT_OPTIMIZATION_LEVEL = "-O";
				VALIDATE_PRODUCT = YES;
			};
			name = Release;
		};
		2F769FE224FADF7A00736326 /* Debug */ = {
			isa = XCBuildConfiguration;
			buildSettings = {
				ASSETCATALOG_COMPILER_APPICON_NAME = AppIcon;
				CODE_SIGN_ENTITLEMENTS = NoPlaceToGo/NP2G.entitlements;
				CODE_SIGN_STYLE = Automatic;
				DEVELOPMENT_ASSET_PATHS = "\"NoPlaceToGo/Preview Content\"";
				DEVELOPMENT_TEAM = CX9A4TZM67;
				ENABLE_PREVIEWS = YES;
				INFOPLIST_FILE = NoPlaceToGo/Info.plist;
				LD_RUNPATH_SEARCH_PATHS = (
					"$(inherited)",
					"@executable_path/Frameworks",
				);
				MARKETING_VERSION = 1.0.0;
				PRODUCT_BUNDLE_IDENTIFIER = com.bryancostanza.NoPlaceToGo;
				PRODUCT_NAME = NP2G;
				SWIFT_VERSION = 5.0;
				TARGETED_DEVICE_FAMILY = 1;
			};
			name = Debug;
		};
		2F769FE324FADF7A00736326 /* Release */ = {
			isa = XCBuildConfiguration;
			buildSettings = {
				ASSETCATALOG_COMPILER_APPICON_NAME = AppIcon;
				CODE_SIGN_ENTITLEMENTS = NoPlaceToGo/NP2G.entitlements;
				CODE_SIGN_STYLE = Automatic;
				DEVELOPMENT_ASSET_PATHS = "\"NoPlaceToGo/Preview Content\"";
				DEVELOPMENT_TEAM = CX9A4TZM67;
				ENABLE_PREVIEWS = YES;
				INFOPLIST_FILE = NoPlaceToGo/Info.plist;
				LD_RUNPATH_SEARCH_PATHS = (
					"$(inherited)",
					"@executable_path/Frameworks",
				);
				MARKETING_VERSION = 1.0.0;
				PRODUCT_BUNDLE_IDENTIFIER = com.bryancostanza.NoPlaceToGo;
				PRODUCT_NAME = NP2G;
				SWIFT_VERSION = 5.0;
				TARGETED_DEVICE_FAMILY = 1;
			};
			name = Release;
		};
		2F769FE524FADF7A00736326 /* Debug */ = {
			isa = XCBuildConfiguration;
			buildSettings = {
				ALWAYS_EMBED_SWIFT_STANDARD_LIBRARIES = YES;
				BUNDLE_LOADER = "$(TEST_HOST)";
				CODE_SIGN_STYLE = Automatic;
				DEVELOPMENT_TEAM = CX9A4TZM67;
				INFOPLIST_FILE = NoPlaceToGoTests/Info.plist;
				IPHONEOS_DEPLOYMENT_TARGET = 13.6;
				LD_RUNPATH_SEARCH_PATHS = (
					"$(inherited)",
					"@executable_path/Frameworks",
					"@loader_path/Frameworks",
				);
				PRODUCT_BUNDLE_IDENTIFIER = com.bryancostanza.NoPlaceToGoTests;
				PRODUCT_NAME = "$(TARGET_NAME)";
				SWIFT_VERSION = 5.0;
				TARGETED_DEVICE_FAMILY = "1,2";
				TEST_HOST = "$(BUILT_PRODUCTS_DIR)/NoPlaceToGo.app/NoPlaceToGo";
			};
			name = Debug;
		};
		2F769FE624FADF7A00736326 /* Release */ = {
			isa = XCBuildConfiguration;
			buildSettings = {
				ALWAYS_EMBED_SWIFT_STANDARD_LIBRARIES = YES;
				BUNDLE_LOADER = "$(TEST_HOST)";
				CODE_SIGN_STYLE = Automatic;
				DEVELOPMENT_TEAM = CX9A4TZM67;
				INFOPLIST_FILE = NoPlaceToGoTests/Info.plist;
				IPHONEOS_DEPLOYMENT_TARGET = 13.6;
				LD_RUNPATH_SEARCH_PATHS = (
					"$(inherited)",
					"@executable_path/Frameworks",
					"@loader_path/Frameworks",
				);
				PRODUCT_BUNDLE_IDENTIFIER = com.bryancostanza.NoPlaceToGoTests;
				PRODUCT_NAME = "$(TARGET_NAME)";
				SWIFT_VERSION = 5.0;
				TARGETED_DEVICE_FAMILY = "1,2";
				TEST_HOST = "$(BUILT_PRODUCTS_DIR)/NoPlaceToGo.app/NoPlaceToGo";
			};
			name = Release;
		};
		2F769FE824FADF7A00736326 /* Debug */ = {
			isa = XCBuildConfiguration;
			buildSettings = {
				ALWAYS_EMBED_SWIFT_STANDARD_LIBRARIES = YES;
				CODE_SIGN_STYLE = Automatic;
				DEVELOPMENT_TEAM = CX9A4TZM67;
				INFOPLIST_FILE = NoPlaceToGoUITests/Info.plist;
				LD_RUNPATH_SEARCH_PATHS = (
					"$(inherited)",
					"@executable_path/Frameworks",
					"@loader_path/Frameworks",
				);
				PRODUCT_BUNDLE_IDENTIFIER = com.bryancostanza.NoPlaceToGoUITests;
				PRODUCT_NAME = "$(TARGET_NAME)";
				SWIFT_VERSION = 5.0;
				TARGETED_DEVICE_FAMILY = "1,2";
				TEST_TARGET_NAME = NoPlaceToGo;
			};
			name = Debug;
		};
		2F769FE924FADF7A00736326 /* Release */ = {
			isa = XCBuildConfiguration;
			buildSettings = {
				ALWAYS_EMBED_SWIFT_STANDARD_LIBRARIES = YES;
				CODE_SIGN_STYLE = Automatic;
				DEVELOPMENT_TEAM = CX9A4TZM67;
				INFOPLIST_FILE = NoPlaceToGoUITests/Info.plist;
				LD_RUNPATH_SEARCH_PATHS = (
					"$(inherited)",
					"@executable_path/Frameworks",
					"@loader_path/Frameworks",
				);
				PRODUCT_BUNDLE_IDENTIFIER = com.bryancostanza.NoPlaceToGoUITests;
				PRODUCT_NAME = "$(TARGET_NAME)";
				SWIFT_VERSION = 5.0;
				TARGETED_DEVICE_FAMILY = "1,2";
				TEST_TARGET_NAME = NoPlaceToGo;
			};
			name = Release;
		};
/* End XCBuildConfiguration section */

/* Begin XCConfigurationList section */
		2F769FAF24FADF6C00736326 /* Build configuration list for PBXProject "NoPlaceToGo" */ = {
			isa = XCConfigurationList;
			buildConfigurations = (
				2F769FDF24FADF7A00736326 /* Debug */,
				2F769FE024FADF7A00736326 /* Release */,
			);
			defaultConfigurationIsVisible = 0;
			defaultConfigurationName = Release;
		};
		2F769FE124FADF7A00736326 /* Build configuration list for PBXNativeTarget "NoPlaceToGo" */ = {
			isa = XCConfigurationList;
			buildConfigurations = (
				2F769FE224FADF7A00736326 /* Debug */,
				2F769FE324FADF7A00736326 /* Release */,
			);
			defaultConfigurationIsVisible = 0;
			defaultConfigurationName = Release;
		};
		2F769FE424FADF7A00736326 /* Build configuration list for PBXNativeTarget "NoPlaceToGoTests" */ = {
			isa = XCConfigurationList;
			buildConfigurations = (
				2F769FE524FADF7A00736326 /* Debug */,
				2F769FE624FADF7A00736326 /* Release */,
			);
			defaultConfigurationIsVisible = 0;
			defaultConfigurationName = Release;
		};
		2F769FE724FADF7A00736326 /* Build configuration list for PBXNativeTarget "NoPlaceToGoUITests" */ = {
			isa = XCConfigurationList;
			buildConfigurations = (
				2F769FE824FADF7A00736326 /* Debug */,
				2F769FE924FADF7A00736326 /* Release */,
			);
			defaultConfigurationIsVisible = 0;
			defaultConfigurationName = Release;
		};
/* End XCConfigurationList section */

/* Begin XCVersionGroup section */
		2F769FBB24FADF6D00736326 /* NoPlaceToGo.xcdatamodeld */ = {
			isa = XCVersionGroup;
			children = (
				2F769FBC24FADF6D00736326 /* NoPlaceToGo.xcdatamodel */,
			);
			currentVersion = 2F769FBC24FADF6D00736326 /* NoPlaceToGo.xcdatamodel */;
			path = NoPlaceToGo.xcdatamodeld;
			sourceTree = "<group>";
			versionGroupType = wrapper.xcdatamodel;
		};
/* End XCVersionGroup section */
	};
	rootObject = 2F769FAC24FADF6C00736326 /* Project object */;
}
