// !$*UTF8*$!
{
	archiveVersion = 1;
	classes = {
	};
	objectVersion = 50;
	objects = {

/* Begin PBXBuildFile section */
		2F5486762541D0BE0065CBB0 /* NP2GPhoneApp.swift in Sources */ = {isa = PBXBuildFile; fileRef = 2F5486752541D0BE0065CBB0 /* NP2GPhoneApp.swift */; };
		2F5486782541D0BE0065CBB0 /* ContentView.swift in Sources */ = {isa = PBXBuildFile; fileRef = 2F5486772541D0BE0065CBB0 /* ContentView.swift */; };
		2F54867A2541D0C10065CBB0 /* Assets.xcassets in Resources */ = {isa = PBXBuildFile; fileRef = 2F5486792541D0C10065CBB0 /* Assets.xcassets */; };
		2F54867D2541D0C10065CBB0 /* Preview Assets.xcassets in Resources */ = {isa = PBXBuildFile; fileRef = 2F54867C2541D0C10065CBB0 /* Preview Assets.xcassets */; };
		2F5486862541D1670065CBB0 /* phonetree.csv in Resources */ = {isa = PBXBuildFile; fileRef = 2F5486852541D1670065CBB0 /* phonetree.csv */; };
		2F5486892541D1AD0065CBB0 /* NextInstallationButton.swift in Sources */ = {isa = PBXBuildFile; fileRef = 2F5486882541D1AD0065CBB0 /* NextInstallationButton.swift */; };
		2F54868E2541D23D0065CBB0 /* ZCOOLXiaoWei-Regular.ttf in Resources */ = {isa = PBXBuildFile; fileRef = 2F54868D2541D23D0065CBB0 /* ZCOOLXiaoWei-Regular.ttf */; };
		2F5486902541D2420065CBB0 /* Notable-Regular.ttf in Resources */ = {isa = PBXBuildFile; fileRef = 2F54868C2541D20C0065CBB0 /* Notable-Regular.ttf */; };
		2F5486932541D2F20065CBB0 /* AssettEnums.swift in Sources */ = {isa = PBXBuildFile; fileRef = 2F5486922541D2F20065CBB0 /* AssettEnums.swift */; };
/* End PBXBuildFile section */

/* Begin PBXFileReference section */
		2F5486722541D0BE0065CBB0 /* NP2GPhone.app */ = {isa = PBXFileReference; explicitFileType = wrapper.application; includeInIndex = 0; path = NP2GPhone.app; sourceTree = BUILT_PRODUCTS_DIR; };
		2F5486752541D0BE0065CBB0 /* NP2GPhoneApp.swift */ = {isa = PBXFileReference; lastKnownFileType = sourcecode.swift; path = NP2GPhoneApp.swift; sourceTree = "<group>"; };
		2F5486772541D0BE0065CBB0 /* ContentView.swift */ = {isa = PBXFileReference; lastKnownFileType = sourcecode.swift; path = ContentView.swift; sourceTree = "<group>"; };
		2F5486792541D0C10065CBB0 /* Assets.xcassets */ = {isa = PBXFileReference; lastKnownFileType = folder.assetcatalog; path = Assets.xcassets; sourceTree = "<group>"; };
		2F54867C2541D0C10065CBB0 /* Preview Assets.xcassets */ = {isa = PBXFileReference; lastKnownFileType = folder.assetcatalog; path = "Preview Assets.xcassets"; sourceTree = "<group>"; };
		2F54867E2541D0C10065CBB0 /* Info.plist */ = {isa = PBXFileReference; lastKnownFileType = text.plist.xml; path = Info.plist; sourceTree = "<group>"; };
		2F5486852541D1670065CBB0 /* phonetree.csv */ = {isa = PBXFileReference; fileEncoding = 4; lastKnownFileType = text; path = phonetree.csv; sourceTree = "<group>"; };
		2F5486882541D1AD0065CBB0 /* NextInstallationButton.swift */ = {isa = PBXFileReference; lastKnownFileType = sourcecode.swift; path = NextInstallationButton.swift; sourceTree = "<group>"; };
		2F54868C2541D20C0065CBB0 /* Notable-Regular.ttf */ = {isa = PBXFileReference; lastKnownFileType = file; path = "Notable-Regular.ttf"; sourceTree = "<group>"; };
		2F54868D2541D23D0065CBB0 /* ZCOOLXiaoWei-Regular.ttf */ = {isa = PBXFileReference; lastKnownFileType = file; path = "ZCOOLXiaoWei-Regular.ttf"; sourceTree = "<group>"; };
		2F5486922541D2F20065CBB0 /* AssettEnums.swift */ = {isa = PBXFileReference; lastKnownFileType = sourcecode.swift; path = AssettEnums.swift; sourceTree = "<group>"; };
/* End PBXFileReference section */

/* Begin PBXFrameworksBuildPhase section */
		2F54866F2541D0BE0065CBB0 /* Frameworks */ = {
			isa = PBXFrameworksBuildPhase;
			buildActionMask = 2147483647;
			files = (
			);
			runOnlyForDeploymentPostprocessing = 0;
		};
/* End PBXFrameworksBuildPhase section */

/* Begin PBXGroup section */
		2F5486692541D0BD0065CBB0 = {
			isa = PBXGroup;
			children = (
				2F5486742541D0BE0065CBB0 /* NP2GPhone */,
				2F5486732541D0BE0065CBB0 /* Products */,
			);
			sourceTree = "<group>";
		};
		2F5486732541D0BE0065CBB0 /* Products */ = {
			isa = PBXGroup;
			children = (
				2F5486722541D0BE0065CBB0 /* NP2GPhone.app */,
			);
			name = Products;
			sourceTree = "<group>";
		};
		2F5486742541D0BE0065CBB0 /* NP2GPhone */ = {
			isa = PBXGroup;
			children = (
				2F5486752541D0BE0065CBB0 /* NP2GPhoneApp.swift */,
				2F5486772541D0BE0065CBB0 /* ContentView.swift */,
				2F5486882541D1AD0065CBB0 /* NextInstallationButton.swift */,
				2F5486922541D2F20065CBB0 /* AssettEnums.swift */,
				2F54868C2541D20C0065CBB0 /* Notable-Regular.ttf */,
				2F54868D2541D23D0065CBB0 /* ZCOOLXiaoWei-Regular.ttf */,
				2F5486852541D1670065CBB0 /* phonetree.csv */,
				2F5486792541D0C10065CBB0 /* Assets.xcassets */,
				2F54867E2541D0C10065CBB0 /* Info.plist */,
				2F54867B2541D0C10065CBB0 /* Preview Content */,
			);
			path = NP2GPhone;
			sourceTree = "<group>";
		};
		2F54867B2541D0C10065CBB0 /* Preview Content */ = {
			isa = PBXGroup;
			children = (
				2F54867C2541D0C10065CBB0 /* Preview Assets.xcassets */,
			);
			path = "Preview Content";
			sourceTree = "<group>";
		};
/* End PBXGroup section */

/* Begin PBXNativeTarget section */
		2F5486712541D0BE0065CBB0 /* NP2GPhone */ = {
			isa = PBXNativeTarget;
			buildConfigurationList = 2F5486812541D0C10065CBB0 /* Build configuration list for PBXNativeTarget "NP2GPhone" */;
			buildPhases = (
				2F54866E2541D0BE0065CBB0 /* Sources */,
				2F54866F2541D0BE0065CBB0 /* Frameworks */,
				2F5486702541D0BE0065CBB0 /* Resources */,
			);
			buildRules = (
			);
			dependencies = (
			);
			name = NP2GPhone;
			productName = NP2GPhone;
			productReference = 2F5486722541D0BE0065CBB0 /* NP2GPhone.app */;
			productType = "com.apple.product-type.application";
		};
/* End PBXNativeTarget section */

/* Begin PBXProject section */
		2F54866A2541D0BD0065CBB0 /* Project object */ = {
			isa = PBXProject;
			attributes = {
				LastSwiftUpdateCheck = 1200;
				LastUpgradeCheck = 1200;
				TargetAttributes = {
					2F5486712541D0BE0065CBB0 = {
						CreatedOnToolsVersion = 12.0.1;
					};
				};
			};
			buildConfigurationList = 2F54866D2541D0BD0065CBB0 /* Build configuration list for PBXProject "NP2GPhone" */;
			compatibilityVersion = "Xcode 9.3";
			developmentRegion = en;
			hasScannedForEncodings = 0;
			knownRegions = (
				en,
				Base,
			);
			mainGroup = 2F5486692541D0BD0065CBB0;
			productRefGroup = 2F5486732541D0BE0065CBB0 /* Products */;
			projectDirPath = "";
			projectRoot = "";
			targets = (
				2F5486712541D0BE0065CBB0 /* NP2GPhone */,
			);
		};
/* End PBXProject section */

/* Begin PBXResourcesBuildPhase section */
		2F5486702541D0BE0065CBB0 /* Resources */ = {
			isa = PBXResourcesBuildPhase;
			buildActionMask = 2147483647;
			files = (
				2F54868E2541D23D0065CBB0 /* ZCOOLXiaoWei-Regular.ttf in Resources */,
				2F54867D2541D0C10065CBB0 /* Preview Assets.xcassets in Resources */,
				2F5486902541D2420065CBB0 /* Notable-Regular.ttf in Resources */,
				2F5486862541D1670065CBB0 /* phonetree.csv in Resources */,
				2F54867A2541D0C10065CBB0 /* Assets.xcassets in Resources */,
			);
			runOnlyForDeploymentPostprocessing = 0;
		};
/* End PBXResourcesBuildPhase section */

/* Begin PBXSourcesBuildPhase section */
		2F54866E2541D0BE0065CBB0 /* Sources */ = {
			isa = PBXSourcesBuildPhase;
			buildActionMask = 2147483647;
			files = (
				2F5486932541D2F20065CBB0 /* AssettEnums.swift in Sources */,
				2F5486782541D0BE0065CBB0 /* ContentView.swift in Sources */,
				2F5486892541D1AD0065CBB0 /* NextInstallationButton.swift in Sources */,
				2F5486762541D0BE0065CBB0 /* NP2GPhoneApp.swift in Sources */,
			);
			runOnlyForDeploymentPostprocessing = 0;
		};
/* End PBXSourcesBuildPhase section */

/* Begin XCBuildConfiguration section */
		2F54867F2541D0C10065CBB0 /* Debug */ = {
			isa = XCBuildConfiguration;
			buildSettings = {
				ALWAYS_SEARCH_USER_PATHS = NO;
				CLANG_ANALYZER_NONNULL = YES;
				CLANG_ANALYZER_NUMBER_OBJECT_CONVERSION = YES_AGGRESSIVE;
				CLANG_CXX_LANGUAGE_STANDARD = "gnu++14";
				CLANG_CXX_LIBRARY = "libc++";
				CLANG_ENABLE_MODULES = YES;
				CLANG_ENABLE_OBJC_ARC = YES;
				CLANG_ENABLE_OBJC_WEAK = YES;
				CLANG_WARN_BLOCK_CAPTURE_AUTORELEASING = YES;
				CLANG_WARN_BOOL_CONVERSION = YES;
				CLANG_WARN_COMMA = YES;
				CLANG_WARN_CONSTANT_CONVERSION = YES;
				CLANG_WARN_DEPRECATED_OBJC_IMPLEMENTATIONS = YES;
				CLANG_WARN_DIRECT_OBJC_ISA_USAGE = YES_ERROR;
				CLANG_WARN_DOCUMENTATION_COMMENTS = YES;
				CLANG_WARN_EMPTY_BODY = YES;
				CLANG_WARN_ENUM_CONVERSION = YES;
				CLANG_WARN_INFINITE_RECURSION = YES;
				CLANG_WARN_INT_CONVERSION = YES;
				CLANG_WARN_NON_LITERAL_NULL_CONVERSION = YES;
				CLANG_WARN_OBJC_IMPLICIT_RETAIN_SELF = YES;
				CLANG_WARN_OBJC_LITERAL_CONVERSION = YES;
				CLANG_WARN_OBJC_ROOT_CLASS = YES_ERROR;
				CLANG_WARN_QUOTED_INCLUDE_IN_FRAMEWORK_HEADER = YES;
				CLANG_WARN_RANGE_LOOP_ANALYSIS = YES;
				CLANG_WARN_STRICT_PROTOTYPES = YES;
				CLANG_WARN_SUSPICIOUS_MOVE = YES;
				CLANG_WARN_UNGUARDED_AVAILABILITY = YES_AGGRESSIVE;
				CLANG_WARN_UNREACHABLE_CODE = YES;
				CLANG_WARN__DUPLICATE_METHOD_MATCH = YES;
				COPY_PHASE_STRIP = NO;
				DEBUG_INFORMATION_FORMAT = dwarf;
				ENABLE_STRICT_OBJC_MSGSEND = YES;
				ENABLE_TESTABILITY = YES;
				GCC_C_LANGUAGE_STANDARD = gnu11;
				GCC_DYNAMIC_NO_PIC = NO;
				GCC_NO_COMMON_BLOCKS = YES;
				GCC_OPTIMIZATION_LEVEL = 0;
				GCC_PREPROCESSOR_DEFINITIONS = (
					"DEBUG=1",
					"$(inherited)",
				);
				GCC_WARN_64_TO_32_BIT_CONVERSION = YES;
				GCC_WARN_ABOUT_RETURN_TYPE = YES_ERROR;
				GCC_WARN_UNDECLARED_SELECTOR = YES;
				GCC_WARN_UNINITIALIZED_AUTOS = YES_AGGRESSIVE;
				GCC_WARN_UNUSED_FUNCTION = YES;
				GCC_WARN_UNUSED_VARIABLE = YES;
				IPHONEOS_DEPLOYMENT_TARGET = 14.0;
				MTL_ENABLE_DEBUG_INFO = INCLUDE_SOURCE;
				MTL_FAST_MATH = YES;
				ONLY_ACTIVE_ARCH = YES;
				SDKROOT = iphoneos;
				SWIFT_ACTIVE_COMPILATION_CONDITIONS = DEBUG;
				SWIFT_OPTIMIZATION_LEVEL = "-Onone";
			};
			name = Debug;
		};
		2F5486802541D0C10065CBB0 /* Release */ = {
			isa = XCBuildConfiguration;
			buildSettings = {
				ALWAYS_SEARCH_USER_PATHS = NO;
				CLANG_ANALYZER_NONNULL = YES;
				CLANG_ANALYZER_NUMBER_OBJECT_CONVERSION = YES_AGGRESSIVE;
				CLANG_CXX_LANGUAGE_STANDARD = "gnu++14";
				CLANG_CXX_LIBRARY = "libc++";
				CLANG_ENABLE_MODULES = YES;
				CLANG_ENABLE_OBJC_ARC = YES;
				CLANG_ENABLE_OBJC_WEAK = YES;
				CLANG_WARN_BLOCK_CAPTURE_AUTORELEASING = YES;
				CLANG_WARN_BOOL_CONVERSION = YES;
				CLANG_WARN_COMMA = YES;
				CLANG_WARN_CONSTANT_CONVERSION = YES;
				CLANG_WARN_DEPRECATED_OBJC_IMPLEMENTATIONS = YES;
				CLANG_WARN_DIRECT_OBJC_ISA_USAGE = YES_ERROR;
				CLANG_WARN_DOCUMENTATION_COMMENTS = YES;
				CLANG_WARN_EMPTY_BODY = YES;
				CLANG_WARN_ENUM_CONVERSION = YES;
				CLANG_WARN_INFINITE_RECURSION = YES;
				CLANG_WARN_INT_CONVERSION = YES;
				CLANG_WARN_NON_LITERAL_NULL_CONVERSION = YES;
				CLANG_WARN_OBJC_IMPLICIT_RETAIN_SELF = YES;
				CLANG_WARN_OBJC_LITERAL_CONVERSION = YES;
				CLANG_WARN_OBJC_ROOT_CLASS = YES_ERROR;
				CLANG_WARN_QUOTED_INCLUDE_IN_FRAMEWORK_HEADER = YES;
				CLANG_WARN_RANGE_LOOP_ANALYSIS = YES;
				CLANG_WARN_STRICT_PROTOTYPES = YES;
				CLANG_WARN_SUSPICIOUS_MOVE = YES;
				CLANG_WARN_UNGUARDED_AVAILABILITY = YES_AGGRESSIVE;
				CLANG_WARN_UNREACHABLE_CODE = YES;
				CLANG_WARN__DUPLICATE_METHOD_MATCH = YES;
				COPY_PHASE_STRIP = NO;
				DEBUG_INFORMATION_FORMAT = "dwarf-with-dsym";
				ENABLE_NS_ASSERTIONS = NO;
				ENABLE_STRICT_OBJC_MSGSEND = YES;
				GCC_C_LANGUAGE_STANDARD = gnu11;
				GCC_NO_COMMON_BLOCKS = YES;
				GCC_WARN_64_TO_32_BIT_CONVERSION = YES;
				GCC_WARN_ABOUT_RETURN_TYPE = YES_ERROR;
				GCC_WARN_UNDECLARED_SELECTOR = YES;
				GCC_WARN_UNINITIALIZED_AUTOS = YES_AGGRESSIVE;
				GCC_WARN_UNUSED_FUNCTION = YES;
				GCC_WARN_UNUSED_VARIABLE = YES;
				IPHONEOS_DEPLOYMENT_TARGET = 14.0;
				MTL_ENABLE_DEBUG_INFO = NO;
				MTL_FAST_MATH = YES;
				SDKROOT = iphoneos;
				SWIFT_COMPILATION_MODE = wholemodule;
				SWIFT_OPTIMIZATION_LEVEL = "-O";
				VALIDATE_PRODUCT = YES;
			};
			name = Release;
		};
		2F5486822541D0C10065CBB0 /* Debug */ = {
			isa = XCBuildConfiguration;
			buildSettings = {
				ASSETCATALOG_COMPILER_APPICON_NAME = AppIcon;
				ASSETCATALOG_COMPILER_GLOBAL_ACCENT_COLOR_NAME = AccentColor;
				CODE_SIGN_STYLE = Automatic;
				CURRENT_PROJECT_VERSION = 10;
				DEVELOPMENT_ASSET_PATHS = "\"NP2GPhone/Preview Content\"";
				DEVELOPMENT_TEAM = CX9A4TZM67;
				ENABLE_PREVIEWS = YES;
				INFOPLIST_FILE = NP2GPhone/Info.plist;
				IPHONEOS_DEPLOYMENT_TARGET = 14.0;
				LD_RUNPATH_SEARCH_PATHS = (
					"$(inherited)",
					"@executable_path/Frameworks",
				);
				MARKETING_VERSION = 1.0.0;
				PRODUCT_BUNDLE_IDENTIFIER = com.bryancostanza.NoPlaceToGo;
				PRODUCT_NAME = "$(TARGET_NAME)";
				SWIFT_VERSION = 5.0;
				TARGETED_DEVICE_FAMILY = 2;
			};
			name = Debug;
		};
		2F5486832541D0C10065CBB0 /* Release */ = {
			isa = XCBuildConfiguration;
			buildSettings = {
				ASSETCATALOG_COMPILER_APPICON_NAME = AppIcon;
				ASSETCATALOG_COMPILER_GLOBAL_ACCENT_COLOR_NAME = AccentColor;
				CODE_SIGN_STYLE = Automatic;
				CURRENT_PROJECT_VERSION = 10;
				DEVELOPMENT_ASSET_PATHS = "\"NP2GPhone/Preview Content\"";
				DEVELOPMENT_TEAM = CX9A4TZM67;
				ENABLE_PREVIEWS = YES;
				INFOPLIST_FILE = NP2GPhone/Info.plist;
				IPHONEOS_DEPLOYMENT_TARGET = 14.0;
				LD_RUNPATH_SEARCH_PATHS = (
					"$(inherited)",
					"@executable_path/Frameworks",
				);
				MARKETING_VERSION = 1.0.0;
				PRODUCT_BUNDLE_IDENTIFIER = com.bryancostanza.NoPlaceToGo;
				PRODUCT_NAME = "$(TARGET_NAME)";
				SWIFT_VERSION = 5.0;
				TARGETED_DEVICE_FAMILY = 2;
			};
			name = Release;
		};
/* End XCBuildConfiguration section */

/* Begin XCConfigurationList section */
		2F54866D2541D0BD0065CBB0 /* Build configuration list for PBXProject "NP2GPhone" */ = {
			isa = XCConfigurationList;
			buildConfigurations = (
				2F54867F2541D0C10065CBB0 /* Debug */,
				2F5486802541D0C10065CBB0 /* Release */,
			);
			defaultConfigurationIsVisible = 0;
			defaultConfigurationName = Release;
		};
		2F5486812541D0C10065CBB0 /* Build configuration list for PBXNativeTarget "NP2GPhone" */ = {
			isa = XCConfigurationList;
			buildConfigurations = (
				2F5486822541D0C10065CBB0 /* Debug */,
				2F5486832541D0C10065CBB0 /* Release */,
			);
			defaultConfigurationIsVisible = 0;
			defaultConfigurationName = Release;
		};
/* End XCConfigurationList section */
	};
	rootObject = 2F54866A2541D0BD0065CBB0 /* Project object */;
}
